
Microsoft Visual Studio Solution File, Format Version 12.00
# Visual Studio Version 17
VisualStudioVersion = 17.0.32014.148
MinimumVisualStudioVersion = 10.0.40219.1
Project("{FAE04EC0-301F-11D3-BF4B-00C04F79EFBC}") = "NumberGuessing", "NumberGuessing\NumberGuessing.csproj", "{3B35ECC0-919B-44FC-818C-A571D77687B5}"
EndProject
Project("{FAE04EC0-301F-11D3-BF4B-00C04F79EFBC}") = "NumberGuessingTests", "NumberGuessingTests\NumberGuessingTests.csproj", "{28468EF2-35B3-40E7-B1BE-626A2587EA67}"
EndProject
Global
	GlobalSection(SolutionConfigurationPlatforms) = preSolution
		Debug|Any CPU = Debug|Any CPU
		Release|Any CPU = Release|Any CPU
	EndGlobalSection
	GlobalSection(ProjectConfigurationPlatforms) = postSolution
		{3B35ECC0-919B-44FC-818C-A571D77687B5}.Debug|Any CPU.ActiveCfg = Debug|Any CPU
		{3B35ECC0-919B-44FC-818C-A571D77687B5}.Debug|Any CPU.Build.0 = Debug|Any CPU
		{3B35ECC0-919B-44FC-818C-A571D77687B5}.Release|Any CPU.ActiveCfg = Release|Any CPU
		{3B35ECC0-919B-44FC-818C-A571D77687B5}.Release|Any CPU.Build.0 = Release|Any CPU
		{28468EF2-35B3-40E7-B1BE-626A2587EA67}.Debug|Any CPU.ActiveCfg = Debug|Any CPU
		{28468EF2-35B3-40E7-B1BE-626A2587EA67}.Debug|Any CPU.Build.0 = Debug|Any CPU
		{28468EF2-35B3-40E7-B1BE-626A2587EA67}.Release|Any CPU.ActiveCfg = Release|Any CPU
		{28468EF2-35B3-40E7-B1BE-626A2587EA67}.Release|Any CPU.Build.0 = Release|Any CPU
	EndGlobalSection
	GlobalSection(SolutionProperties) = preSolution
		HideSolutionNode = FALSE
	EndGlobalSection
	GlobalSection(ExtensibilityGlobals) = postSolution
		SolutionGuid = {1D438729-B592-411C-A7E7-766EFECB8A3C}
	EndGlobalSection
EndGlobal
